// !$*UTF8*$!
{
	archiveVersion = 1;
	classes = {
	};
	objectVersion = 51;
	objects = {

/* Begin PBXBuildFile section */
		458E9C14413A8BCC0B67FA59 /* Pods_DrawingApp.framework in Frameworks */ = {isa = PBXBuildFile; fileRef = 3C7C2891A7A08C8481DB78C8 /* Pods_DrawingApp.framework */; };
		6F655D2924D0FAD600402868 /* SketchViewController.swift in Sources */ = {isa = PBXBuildFile; fileRef = 6F655D2824D0FAD600402868 /* SketchViewController.swift */; };
		6F655D2B24D0FDF600402868 /* SketchButtonView.swift in Sources */ = {isa = PBXBuildFile; fileRef = 6F655D2A24D0FDF600402868 /* SketchButtonView.swift */; };
		6F655D2F24D102BA00402868 /* SketchButtonView.xib in Resources */ = {isa = PBXBuildFile; fileRef = 6F655D2E24D102BA00402868 /* SketchButtonView.xib */; };
		6F655D3224D1085900402868 /* PhotoAuthorization.swift in Sources */ = {isa = PBXBuildFile; fileRef = 6F655D3124D1085900402868 /* PhotoAuthorization.swift */; };
		6F655D3424D1087600402868 /* PhotoRequestManager.swift in Sources */ = {isa = PBXBuildFile; fileRef = 6F655D3324D1087600402868 /* PhotoRequestManager.swift */; };
		6F6C692D24C5DD87002788C0 /* AppDelegate.swift in Sources */ = {isa = PBXBuildFile; fileRef = 6F6C692C24C5DD87002788C0 /* AppDelegate.swift */; };
		6F6C692F24C5DD87002788C0 /* SceneDelegate.swift in Sources */ = {isa = PBXBuildFile; fileRef = 6F6C692E24C5DD87002788C0 /* SceneDelegate.swift */; };
		6F6C693124C5DD87002788C0 /* ViewController.swift in Sources */ = {isa = PBXBuildFile; fileRef = 6F6C693024C5DD87002788C0 /* ViewController.swift */; };
		6F6C693424C5DD87002788C0 /* Main.storyboard in Resources */ = {isa = PBXBuildFile; fileRef = 6F6C693224C5DD87002788C0 /* Main.storyboard */; };
		6F6C693624C5DD91002788C0 /* Assets.xcassets in Resources */ = {isa = PBXBuildFile; fileRef = 6F6C693524C5DD91002788C0 /* Assets.xcassets */; };
		6F6C693924C5DD91002788C0 /* LaunchScreen.storyboard in Resources */ = {isa = PBXBuildFile; fileRef = 6F6C693724C5DD91002788C0 /* LaunchScreen.storyboard */; };
		6F6C694124C5E34A002788C0 /* CanvasView.swift in Sources */ = {isa = PBXBuildFile; fileRef = 6F6C694024C5E34A002788C0 /* CanvasView.swift */; };
/* End PBXBuildFile section */

/* Begin PBXFileReference section */
		2F5B06D267E983D671F2E591 /* Pods-DrawingApp.release.xcconfig */ = {isa = PBXFileReference; includeInIndex = 1; lastKnownFileType = text.xcconfig; name = "Pods-DrawingApp.release.xcconfig"; path = "Target Support Files/Pods-DrawingApp/Pods-DrawingApp.release.xcconfig"; sourceTree = "<group>"; };
		3C7C2891A7A08C8481DB78C8 /* Pods_DrawingApp.framework */ = {isa = PBXFileReference; explicitFileType = wrapper.framework; includeInIndex = 0; path = Pods_DrawingApp.framework; sourceTree = BUILT_PRODUCTS_DIR; };
		6F655D2824D0FAD600402868 /* SketchViewController.swift */ = {isa = PBXFileReference; lastKnownFileType = sourcecode.swift; path = SketchViewController.swift; sourceTree = "<group>"; };
		6F655D2A24D0FDF600402868 /* SketchButtonView.swift */ = {isa = PBXFileReference; lastKnownFileType = sourcecode.swift; path = SketchButtonView.swift; sourceTree = "<group>"; };
		6F655D2E24D102BA00402868 /* SketchButtonView.xib */ = {isa = PBXFileReference; lastKnownFileType = file.xib; path = SketchButtonView.xib; sourceTree = "<group>"; };
		6F655D3124D1085900402868 /* PhotoAuthorization.swift */ = {isa = PBXFileReference; lastKnownFileType = sourcecode.swift; path = PhotoAuthorization.swift; sourceTree = "<group>"; };
		6F655D3324D1087600402868 /* PhotoRequestManager.swift */ = {isa = PBXFileReference; lastKnownFileType = sourcecode.swift; path = PhotoRequestManager.swift; sourceTree = "<group>"; };
		6F6C692924C5DD87002788C0 /* DrawingApp.app */ = {isa = PBXFileReference; explicitFileType = wrapper.application; includeInIndex = 0; path = DrawingApp.app; sourceTree = BUILT_PRODUCTS_DIR; };
		6F6C692C24C5DD87002788C0 /* AppDelegate.swift */ = {isa = PBXFileReference; lastKnownFileType = sourcecode.swift; path = AppDelegate.swift; sourceTree = "<group>"; };
		6F6C692E24C5DD87002788C0 /* SceneDelegate.swift */ = {isa = PBXFileReference; lastKnownFileType = sourcecode.swift; path = SceneDelegate.swift; sourceTree = "<group>"; };
		6F6C693024C5DD87002788C0 /* ViewController.swift */ = {isa = PBXFileReference; lastKnownFileType = sourcecode.swift; path = ViewController.swift; sourceTree = "<group>"; };
		6F6C693324C5DD87002788C0 /* Base */ = {isa = PBXFileReference; lastKnownFileType = file.storyboard; name = Base; path = Base.lproj/Main.storyboard; sourceTree = "<group>"; };
		6F6C693524C5DD91002788C0 /* Assets.xcassets */ = {isa = PBXFileReference; lastKnownFileType = folder.assetcatalog; path = Assets.xcassets; sourceTree = "<group>"; };
		6F6C693824C5DD91002788C0 /* Base */ = {isa = PBXFileReference; lastKnownFileType = file.storyboard; name = Base; path = Base.lproj/LaunchScreen.storyboard; sourceTree = "<group>"; };
		6F6C693A24C5DD92002788C0 /* Info.plist */ = {isa = PBXFileReference; lastKnownFileType = text.plist.xml; path = Info.plist; sourceTree = "<group>"; };
		6F6C694024C5E34A002788C0 /* CanvasView.swift */ = {isa = PBXFileReference; lastKnownFileType = sourcecode.swift; path = CanvasView.swift; sourceTree = "<group>"; };
		BAB95AC48E2ED945F5AF59CB /* Pods-DrawingApp.debug.xcconfig */ = {isa = PBXFileReference; includeInIndex = 1; lastKnownFileType = text.xcconfig; name = "Pods-DrawingApp.debug.xcconfig"; path = "Target Support Files/Pods-DrawingApp/Pods-DrawingApp.debug.xcconfig"; sourceTree = "<group>"; };
/* End PBXFileReference section */

/* Begin PBXFrameworksBuildPhase section */
		6F6C692624C5DD87002788C0 /* Frameworks */ = {
			isa = PBXFrameworksBuildPhase;
			buildActionMask = 2147483647;
			files = (
				458E9C14413A8BCC0B67FA59 /* Pods_DrawingApp.framework in Frameworks */,
			);
			runOnlyForDeploymentPostprocessing = 0;
		};
/* End PBXFrameworksBuildPhase section */

/* Begin PBXGroup section */
		6F655D3024D1084F00402868 /* Sketch */ = {
			isa = PBXGroup;
			children = (
				6F655D3124D1085900402868 /* PhotoAuthorization.swift */,
				6F655D2824D0FAD600402868 /* SketchViewController.swift */,
				6F655D2A24D0FDF600402868 /* SketchButtonView.swift */,
				6F655D2E24D102BA00402868 /* SketchButtonView.xib */,
				6F655D3324D1087600402868 /* PhotoRequestManager.swift */,
			);
			path = Sketch;
			sourceTree = "<group>";
		};
		6F6C692024C5DD87002788C0 = {
			isa = PBXGroup;
			children = (
				6F6C692B24C5DD87002788C0 /* DrawingApp */,
				6F6C692A24C5DD87002788C0 /* Products */,
				E8E3E63839B53DB05BA31664 /* Pods */,
				A7B8A230D3CF37A590E225BC /* Frameworks */,
			);
			sourceTree = "<group>";
		};
		6F6C692A24C5DD87002788C0 /* Products */ = {
			isa = PBXGroup;
			children = (
				6F6C692924C5DD87002788C0 /* DrawingApp.app */,
			);
			name = Products;
			sourceTree = "<group>";
		};
		6F6C692B24C5DD87002788C0 /* DrawingApp */ = {
			isa = PBXGroup;
			children = (
				6F655D3024D1084F00402868 /* Sketch */,
				6F6C694024C5E34A002788C0 /* CanvasView.swift */,
				6F6C692C24C5DD87002788C0 /* AppDelegate.swift */,
				6F6C692E24C5DD87002788C0 /* SceneDelegate.swift */,
				6F6C693024C5DD87002788C0 /* ViewController.swift */,
				6F6C693224C5DD87002788C0 /* Main.storyboard */,
				6F6C693524C5DD91002788C0 /* Assets.xcassets */,
				6F6C693724C5DD91002788C0 /* LaunchScreen.storyboard */,
				6F6C693A24C5DD92002788C0 /* Info.plist */,
			);
			path = DrawingApp;
			sourceTree = "<group>";
		};
		A7B8A230D3CF37A590E225BC /* Frameworks */ = {
			isa = PBXGroup;
			children = (
				3C7C2891A7A08C8481DB78C8 /* Pods_DrawingApp.framework */,
			);
			name = Frameworks;
			sourceTree = "<group>";
		};
		E8E3E63839B53DB05BA31664 /* Pods */ = {
			isa = PBXGroup;
			children = (
				BAB95AC48E2ED945F5AF59CB /* Pods-DrawingApp.debug.xcconfig */,
				2F5B06D267E983D671F2E591 /* Pods-DrawingApp.release.xcconfig */,
			);
			path = Pods;
			sourceTree = "<group>";
		};
/* End PBXGroup section */

/* Begin PBXNativeTarget section */
		6F6C692824C5DD87002788C0 /* DrawingApp */ = {
			isa = PBXNativeTarget;
			buildConfigurationList = 6F6C693D24C5DD92002788C0 /* Build configuration list for PBXNativeTarget "DrawingApp" */;
			buildPhases = (
				0690854E2A83F0730347F690 /* [CP] Check Pods Manifest.lock */,
				6F6C692524C5DD87002788C0 /* Sources */,
				6F6C692624C5DD87002788C0 /* Frameworks */,
				6F6C692724C5DD87002788C0 /* Resources */,
				4AFB10475DDE110A42725F0B /* [CP] Embed Pods Frameworks */,
			);
			buildRules = (
			);
			dependencies = (
			);
			name = DrawingApp;
			productName = DrawingApp;
			productReference = 6F6C692924C5DD87002788C0 /* DrawingApp.app */;
			productType = "com.apple.product-type.application";
		};
/* End PBXNativeTarget section */

/* Begin PBXProject section */
		6F6C692124C5DD87002788C0 /* Project object */ = {
			isa = PBXProject;
			attributes = {
				LastSwiftUpdateCheck = 1150;
				LastUpgradeCheck = 1150;
				ORGANIZATIONNAME = Tomatoma;
				TargetAttributes = {
					6F6C692824C5DD87002788C0 = {
						CreatedOnToolsVersion = 11.5;
					};
				};
			};
			buildConfigurationList = 6F6C692424C5DD87002788C0 /* Build configuration list for PBXProject "DrawingApp" */;
			compatibilityVersion = "Xcode 9.3";
			developmentRegion = en;
			hasScannedForEncodings = 0;
			knownRegions = (
				en,
				Base,
			);
			mainGroup = 6F6C692024C5DD87002788C0;
			productRefGroup = 6F6C692A24C5DD87002788C0 /* Products */;
			projectDirPath = "";
			projectRoot = "";
			targets = (
				6F6C692824C5DD87002788C0 /* DrawingApp */,
			);
		};
/* End PBXProject section */

/* Begin PBXResourcesBuildPhase section */
		6F6C692724C5DD87002788C0 /* Resources */ = {
			isa = PBXResourcesBuildPhase;
			buildActionMask = 2147483647;
			files = (
				6F6C693924C5DD91002788C0 /* LaunchScreen.storyboard in Resources */,
				6F6C693624C5DD91002788C0 /* Assets.xcassets in Resources */,
				6F655D2F24D102BA00402868 /* SketchButtonView.xib in Resources */,
				6F6C693424C5DD87002788C0 /* Main.storyboard in Resources */,
			);
			runOnlyForDeploymentPostprocessing = 0;
		};
/* End PBXResourcesBuildPhase section */

/* Begin PBXShellScriptBuildPhase section */
		0690854E2A83F0730347F690 /* [CP] Check Pods Manifest.lock */ = {
			isa = PBXShellScriptBuildPhase;
			buildActionMask = 2147483647;
			files = (
			);
			inputFileListPaths = (
			);
			inputPaths = (
				"${PODS_PODFILE_DIR_PATH}/Podfile.lock",
				"${PODS_ROOT}/Manifest.lock",
			);
			name = "[CP] Check Pods Manifest.lock";
			outputFileListPaths = (
			);
			outputPaths = (
				"$(DERIVED_FILE_DIR)/Pods-DrawingApp-checkManifestLockResult.txt",
			);
			runOnlyForDeploymentPostprocessing = 0;
			shellPath = /bin/sh;
			shellScript = "diff \"${PODS_PODFILE_DIR_PATH}/Podfile.lock\" \"${PODS_ROOT}/Manifest.lock\" > /dev/null\nif [ $? != 0 ] ; then\n    # print error to STDERR\n    echo \"error: The sandbox is not in sync with the Podfile.lock. Run 'pod install' or update your CocoaPods installation.\" >&2\n    exit 1\nfi\n# This output is used by Xcode 'outputs' to avoid re-running this script phase.\necho \"SUCCESS\" > \"${SCRIPT_OUTPUT_FILE_0}\"\n";
			showEnvVarsInLog = 0;
		};
		4AFB10475DDE110A42725F0B /* [CP] Embed Pods Frameworks */ = {
			isa = PBXShellScriptBuildPhase;
			buildActionMask = 2147483647;
			files = (
			);
			inputFileListPaths = (
				"${PODS_ROOT}/Target Support Files/Pods-DrawingApp/Pods-DrawingApp-frameworks-${CONFIGURATION}-input-files.xcfilelist",
			);
			name = "[CP] Embed Pods Frameworks";
			outputFileListPaths = (
				"${PODS_ROOT}/Target Support Files/Pods-DrawingApp/Pods-DrawingApp-frameworks-${CONFIGURATION}-output-files.xcfilelist",
			);
			runOnlyForDeploymentPostprocessing = 0;
			shellPath = /bin/sh;
			shellScript = "\"${PODS_ROOT}/Target Support Files/Pods-DrawingApp/Pods-DrawingApp-frameworks.sh\"\n";
			showEnvVarsInLog = 0;
		};
/* End PBXShellScriptBuildPhase section */

/* Begin PBXSourcesBuildPhase section */
		6F6C692524C5DD87002788C0 /* Sources */ = {
			isa = PBXSourcesBuildPhase;
			buildActionMask = 2147483647;
			files = (
				6F655D2B24D0FDF600402868 /* SketchButtonView.swift in Sources */,
				6F655D3224D1085900402868 /* PhotoAuthorization.swift in Sources */,
				6F655D3424D1087600402868 /* PhotoRequestManager.swift in Sources */,
				6F655D2924D0FAD600402868 /* SketchViewController.swift in Sources */,
				6F6C693124C5DD87002788C0 /* ViewController.swift in Sources */,
				6F6C692D24C5DD87002788C0 /* AppDelegate.swift in Sources */,
				6F6C694124C5E34A002788C0 /* CanvasView.swift in Sources */,
				6F6C692F24C5DD87002788C0 /* SceneDelegate.swift in Sources */,
			);
			runOnlyForDeploymentPostprocessing = 0;
		};
/* End PBXSourcesBuildPhase section */

/* Begin PBXVariantGroup section */
		6F6C693224C5DD87002788C0 /* Main.storyboard */ = {
			isa = PBXVariantGroup;
			children = (
				6F6C693324C5DD87002788C0 /* Base */,
			);
			name = Main.storyboard;
			sourceTree = "<group>";
		};
		6F6C693724C5DD91002788C0 /* LaunchScreen.storyboard */ = {
			isa = PBXVariantGroup;
			children = (
				6F6C693824C5DD91002788C0 /* Base */,
			);
			name = LaunchScreen.storyboard;
			sourceTree = "<group>";
		};
/* End PBXVariantGroup section */

/* Begin XCBuildConfiguration section */
		6F6C693B24C5DD92002788C0 /* Debug */ = {
			isa = XCBuildConfiguration;
			buildSettings = {
				ALWAYS_SEARCH_USER_PATHS = NO;
				CLANG_ANALYZER_NONNULL = YES;
				CLANG_ANALYZER_NUMBER_OBJECT_CONVERSION = YES_AGGRESSIVE;
				CLANG_CXX_LANGUAGE_STANDARD = "gnu++14";
				CLANG_CXX_LIBRARY = "libc++";
				CLANG_ENABLE_MODULES = YES;
				CLANG_ENABLE_OBJC_ARC = YES;
				CLANG_ENABLE_OBJC_WEAK = YES;
				CLANG_WARN_BLOCK_CAPTURE_AUTORELEASING = YES;
				CLANG_WARN_BOOL_CONVERSION = YES;
				CLANG_WARN_COMMA = YES;
				CLANG_WARN_CONSTANT_CONVERSION = YES;
				CLANG_WARN_DEPRECATED_OBJC_IMPLEMENTATIONS = YES;
				CLANG_WARN_DIRECT_OBJC_ISA_USAGE = YES_ERROR;
				CLANG_WARN_DOCUMENTATION_COMMENTS = YES;
				CLANG_WARN_EMPTY_BODY = YES;
				CLANG_WARN_ENUM_CONVERSION = YES;
				CLANG_WARN_INFINITE_RECURSION = YES;
				CLANG_WARN_INT_CONVERSION = YES;
				CLANG_WARN_NON_LITERAL_NULL_CONVERSION = YES;
				CLANG_WARN_OBJC_IMPLICIT_RETAIN_SELF = YES;
				CLANG_WARN_OBJC_LITERAL_CONVERSION = YES;
				CLANG_WARN_OBJC_ROOT_CLASS = YES_ERROR;
				CLANG_WARN_RANGE_LOOP_ANALYSIS = YES;
				CLANG_WARN_STRICT_PROTOTYPES = YES;
				CLANG_WARN_SUSPICIOUS_MOVE = YES;
				CLANG_WARN_UNGUARDED_AVAILABILITY = YES_AGGRESSIVE;
				CLANG_WARN_UNREACHABLE_CODE = YES;
				CLANG_WARN__DUPLICATE_METHOD_MATCH = YES;
				COPY_PHASE_STRIP = NO;
				DEBUG_INFORMATION_FORMAT = dwarf;
				ENABLE_STRICT_OBJC_MSGSEND = YES;
				ENABLE_TESTABILITY = YES;
				GCC_C_LANGUAGE_STANDARD = gnu11;
				GCC_DYNAMIC_NO_PIC = NO;
				GCC_NO_COMMON_BLOCKS = YES;
				GCC_OPTIMIZATION_LEVEL = 0;
				GCC_PREPROCESSOR_DEFINITIONS = (
					"DEBUG=1",
					"$(inherited)",
				);
				GCC_WARN_64_TO_32_BIT_CONVERSION = YES;
				GCC_WARN_ABOUT_RETURN_TYPE = YES_ERROR;
				GCC_WARN_UNDECLARED_SELECTOR = YES;
				GCC_WARN_UNINITIALIZED_AUTOS = YES_AGGRESSIVE;
				GCC_WARN_UNUSED_FUNCTION = YES;
				GCC_WARN_UNUSED_VARIABLE = YES;
				IPHONEOS_DEPLOYMENT_TARGET = 13.5;
				MTL_ENABLE_DEBUG_INFO = INCLUDE_SOURCE;
				MTL_FAST_MATH = YES;
				ONLY_ACTIVE_ARCH = YES;
				SDKROOT = iphoneos;
				SWIFT_ACTIVE_COMPILATION_CONDITIONS = DEBUG;
				SWIFT_OPTIMIZATION_LEVEL = "-Onone";
			};
			name = Debug;
		};
		6F6C693C24C5DD92002788C0 /* Release */ = {
			isa = XCBuildConfiguration;
			buildSettings = {
				ALWAYS_SEARCH_USER_PATHS = NO;
				CLANG_ANALYZER_NONNULL = YES;
				CLANG_ANALYZER_NUMBER_OBJECT_CONVERSION = YES_AGGRESSIVE;
				CLANG_CXX_LANGUAGE_STANDARD = "gnu++14";
				CLANG_CXX_LIBRARY = "libc++";
				CLANG_ENABLE_MODULES = YES;
				CLANG_ENABLE_OBJC_ARC = YES;
				CLANG_ENABLE_OBJC_WEAK = YES;
				CLANG_WARN_BLOCK_CAPTURE_AUTORELEASING = YES;
				CLANG_WARN_BOOL_CONVERSION = YES;
				CLANG_WARN_COMMA = YES;
				CLANG_WARN_CONSTANT_CONVERSION = YES;
				CLANG_WARN_DEPRECATED_OBJC_IMPLEMENTATIONS = YES;
				CLANG_WARN_DIRECT_OBJC_ISA_USAGE = YES_ERROR;
				CLANG_WARN_DOCUMENTATION_COMMENTS = YES;
				CLANG_WARN_EMPTY_BODY = YES;
				CLANG_WARN_ENUM_CONVERSION = YES;
				CLANG_WARN_INFINITE_RECURSION = YES;
				CLANG_WARN_INT_CONVERSION = YES;
				CLANG_WARN_NON_LITERAL_NULL_CONVERSION = YES;
				CLANG_WARN_OBJC_IMPLICIT_RETAIN_SELF = YES;
				CLANG_WARN_OBJC_LITERAL_CONVERSION = YES;
				CLANG_WARN_OBJC_ROOT_CLASS = YES_ERROR;
				CLANG_WARN_RANGE_LOOP_ANALYSIS = YES;
				CLANG_WARN_STRICT_PROTOTYPES = YES;
				CLANG_WARN_SUSPICIOUS_MOVE = YES;
				CLANG_WARN_UNGUARDED_AVAILABILITY = YES_AGGRESSIVE;
				CLANG_WARN_UNREACHABLE_CODE = YES;
				CLANG_WARN__DUPLICATE_METHOD_MATCH = YES;
				COPY_PHASE_STRIP = NO;
				DEBUG_INFORMATION_FORMAT = "dwarf-with-dsym";
				ENABLE_NS_ASSERTIONS = NO;
				ENABLE_STRICT_OBJC_MSGSEND = YES;
				GCC_C_LANGUAGE_STANDARD = gnu11;
				GCC_NO_COMMON_BLOCKS = YES;
				GCC_WARN_64_TO_32_BIT_CONVERSION = YES;
				GCC_WARN_ABOUT_RETURN_TYPE = YES_ERROR;
				GCC_WARN_UNDECLARED_SELECTOR = YES;
				GCC_WARN_UNINITIALIZED_AUTOS = YES_AGGRESSIVE;
				GCC_WARN_UNUSED_FUNCTION = YES;
				GCC_WARN_UNUSED_VARIABLE = YES;
				IPHONEOS_DEPLOYMENT_TARGET = 13.5;
				MTL_ENABLE_DEBUG_INFO = NO;
				MTL_FAST_MATH = YES;
				SDKROOT = iphoneos;
				SWIFT_COMPILATION_MODE = wholemodule;
				SWIFT_OPTIMIZATION_LEVEL = "-O";
				VALIDATE_PRODUCT = YES;
			};
			name = Release;
		};
		6F6C693E24C5DD92002788C0 /* Debug */ = {
			isa = XCBuildConfiguration;
			baseConfigurationReference = BAB95AC48E2ED945F5AF59CB /* Pods-DrawingApp.debug.xcconfig */;
			buildSettings = {
				ASSETCATALOG_COMPILER_APPICON_NAME = AppIcon;
				CODE_SIGN_STYLE = Automatic;
				DEVELOPMENT_TEAM = 56KBBDN6MA;
				INFOPLIST_FILE = DrawingApp/Info.plist;
				LD_RUNPATH_SEARCH_PATHS = (
					"$(inherited)",
					"@executable_path/Frameworks",
				);
				PRODUCT_BUNDLE_IDENTIFIER = Jin.com.DrawingApp;
				PRODUCT_NAME = "$(TARGET_NAME)";
				SWIFT_VERSION = 5.0;
				TARGETED_DEVICE_FAMILY = "1,2";
			};
			name = Debug;
		};
		6F6C693F24C5DD92002788C0 /* Release */ = {
			isa = XCBuildConfiguration;
			baseConfigurationReference = 2F5B06D267E983D671F2E591 /* Pods-DrawingApp.release.xcconfig */;
			buildSettings = {
				ASSETCATALOG_COMPILER_APPICON_NAME = AppIcon;
				CODE_SIGN_STYLE = Automatic;
				DEVELOPMENT_TEAM = 56KBBDN6MA;
				INFOPLIST_FILE = DrawingApp/Info.plist;
				LD_RUNPATH_SEARCH_PATHS = (
					"$(inherited)",
					"@executable_path/Frameworks",
				);
				PRODUCT_BUNDLE_IDENTIFIER = Jin.com.DrawingApp;
				PRODUCT_NAME = "$(TARGET_NAME)";
				SWIFT_VERSION = 5.0;
				TARGETED_DEVICE_FAMILY = "1,2";
			};
			name = Release;
		};
/* End XCBuildConfiguration section */

/* Begin XCConfigurationList section */
		6F6C692424C5DD87002788C0 /* Build configuration list for PBXProject "DrawingApp" */ = {
			isa = XCConfigurationList;
			buildConfigurations = (
				6F6C693B24C5DD92002788C0 /* Debug */,
				6F6C693C24C5DD92002788C0 /* Release */,
			);
			defaultConfigurationIsVisible = 0;
			defaultConfigurationName = Release;
		};
		6F6C693D24C5DD92002788C0 /* Build configuration list for PBXNativeTarget "DrawingApp" */ = {
			isa = XCConfigurationList;
			buildConfigurations = (
				6F6C693E24C5DD92002788C0 /* Debug */,
				6F6C693F24C5DD92002788C0 /* Release */,
			);
			defaultConfigurationIsVisible = 0;
			defaultConfigurationName = Release;
		};
/* End XCConfigurationList section */
	};
	rootObject = 6F6C692124C5DD87002788C0 /* Project object */;
}
