// !$*UTF8*$!
{
	archiveVersion = 1;
	classes = {
	};
	objectVersion = 50;
	objects = {

/* Begin PBXBuildFile section */
		6F6F74F9260A354600390952 /* AppDelegate.swift in Sources */ = {isa = PBXBuildFile; fileRef = 6F6F74F8260A354600390952 /* AppDelegate.swift */; };
		6F6F74FB260A354600390952 /* SceneDelegate.swift in Sources */ = {isa = PBXBuildFile; fileRef = 6F6F74FA260A354600390952 /* SceneDelegate.swift */; };
		6F6F74FD260A354600390952 /* ViewController.swift in Sources */ = {isa = PBXBuildFile; fileRef = 6F6F74FC260A354600390952 /* ViewController.swift */; };
		6F6F7500260A354600390952 /* Main.storyboard in Resources */ = {isa = PBXBuildFile; fileRef = 6F6F74FE260A354600390952 /* Main.storyboard */; };
		6F6F7505260A354D00390952 /* LaunchScreen.storyboard in Resources */ = {isa = PBXBuildFile; fileRef = 6F6F7503260A354D00390952 /* LaunchScreen.storyboard */; };
		6F6F750E260A397700390952 /* NumberCell.swift in Sources */ = {isa = PBXBuildFile; fileRef = 6F6F750D260A397700390952 /* NumberCell.swift */; };
		6F73FE00260C678800FADE98 /* Emoji.swift in Sources */ = {isa = PBXBuildFile; fileRef = 6F73FDFF260C678800FADE98 /* Emoji.swift */; };
		6F73FE03260C681600FADE98 /* EmojiViewController.swift in Sources */ = {isa = PBXBuildFile; fileRef = 6F73FE02260C681600FADE98 /* EmojiViewController.swift */; };
		6F73FE06260C684000FADE98 /* EmojiCell.swift in Sources */ = {isa = PBXBuildFile; fileRef = 6F73FE05260C684000FADE98 /* EmojiCell.swift */; };
		6F73FE09260C687200FADE98 /* EmojiDetailController.swift in Sources */ = {isa = PBXBuildFile; fileRef = 6F73FE08260C687200FADE98 /* EmojiDetailController.swift */; };
		6F73FE0C260C707F00FADE98 /* DataSource.swift in Sources */ = {isa = PBXBuildFile; fileRef = 6F73FE0B260C707F00FADE98 /* DataSource.swift */; };
		6F73FE0F260C758A00FADE98 /* EmojiCollectionViewDelegate.swift in Sources */ = {isa = PBXBuildFile; fileRef = 6F73FE0E260C758A00FADE98 /* EmojiCollectionViewDelegate.swift */; };
		6F73FE12260C7B8F00FADE98 /* EmojiHeaderView.swift in Sources */ = {isa = PBXBuildFile; fileRef = 6F73FE11260C7B8F00FADE98 /* EmojiHeaderView.swift */; };
		6F7D54E6260F72D2008E1DDD /* Assets.xcassets in Resources */ = {isa = PBXBuildFile; fileRef = 6F7D54E5260F72D2008E1DDD /* Assets.xcassets */; };
/* End PBXBuildFile section */

/* Begin PBXFileReference section */
		6F6F74F5260A354600390952 /* CollectionView.app */ = {isa = PBXFileReference; explicitFileType = wrapper.application; includeInIndex = 0; path = CollectionView.app; sourceTree = BUILT_PRODUCTS_DIR; };
		6F6F74F8260A354600390952 /* AppDelegate.swift */ = {isa = PBXFileReference; lastKnownFileType = sourcecode.swift; path = AppDelegate.swift; sourceTree = "<group>"; };
		6F6F74FA260A354600390952 /* SceneDelegate.swift */ = {isa = PBXFileReference; lastKnownFileType = sourcecode.swift; path = SceneDelegate.swift; sourceTree = "<group>"; };
		6F6F74FC260A354600390952 /* ViewController.swift */ = {isa = PBXFileReference; lastKnownFileType = sourcecode.swift; path = ViewController.swift; sourceTree = "<group>"; };
		6F6F74FF260A354600390952 /* Base */ = {isa = PBXFileReference; lastKnownFileType = file.storyboard; name = Base; path = Base.lproj/Main.storyboard; sourceTree = "<group>"; };
		6F6F7504260A354D00390952 /* Base */ = {isa = PBXFileReference; lastKnownFileType = file.storyboard; name = Base; path = Base.lproj/LaunchScreen.storyboard; sourceTree = "<group>"; };
		6F6F7506260A354D00390952 /* Info.plist */ = {isa = PBXFileReference; lastKnownFileType = text.plist.xml; path = Info.plist; sourceTree = "<group>"; };
		6F6F750D260A397700390952 /* NumberCell.swift */ = {isa = PBXFileReference; lastKnownFileType = sourcecode.swift; path = NumberCell.swift; sourceTree = "<group>"; };
		6F73FDFF260C678800FADE98 /* Emoji.swift */ = {isa = PBXFileReference; lastKnownFileType = sourcecode.swift; path = Emoji.swift; sourceTree = "<group>"; };
		6F73FE02260C681600FADE98 /* EmojiViewController.swift */ = {isa = PBXFileReference; lastKnownFileType = sourcecode.swift; path = EmojiViewController.swift; sourceTree = "<group>"; };
		6F73FE05260C684000FADE98 /* EmojiCell.swift */ = {isa = PBXFileReference; lastKnownFileType = sourcecode.swift; path = EmojiCell.swift; sourceTree = "<group>"; };
		6F73FE08260C687200FADE98 /* EmojiDetailController.swift */ = {isa = PBXFileReference; lastKnownFileType = sourcecode.swift; path = EmojiDetailController.swift; sourceTree = "<group>"; };
		6F73FE0B260C707F00FADE98 /* DataSource.swift */ = {isa = PBXFileReference; lastKnownFileType = sourcecode.swift; path = DataSource.swift; sourceTree = "<group>"; };
		6F73FE0E260C758A00FADE98 /* EmojiCollectionViewDelegate.swift */ = {isa = PBXFileReference; lastKnownFileType = sourcecode.swift; path = EmojiCollectionViewDelegate.swift; sourceTree = "<group>"; };
		6F73FE11260C7B8F00FADE98 /* EmojiHeaderView.swift */ = {isa = PBXFileReference; lastKnownFileType = sourcecode.swift; path = EmojiHeaderView.swift; sourceTree = "<group>"; };
		6F7D54E5260F72D2008E1DDD /* Assets.xcassets */ = {isa = PBXFileReference; lastKnownFileType = folder.assetcatalog; name = Assets.xcassets; path = ../Assets.xcassets; sourceTree = "<group>"; };
/* End PBXFileReference section */

/* Begin PBXFrameworksBuildPhase section */
		6F6F74F2260A354600390952 /* Frameworks */ = {
			isa = PBXFrameworksBuildPhase;
			buildActionMask = 2147483647;
			files = (
			);
			runOnlyForDeploymentPostprocessing = 0;
		};
/* End PBXFrameworksBuildPhase section */

/* Begin PBXGroup section */
		6F6F74EC260A354600390952 = {
			isa = PBXGroup;
			children = (
				6F6F74F7260A354600390952 /* CollectionView */,
				6F6F74F6260A354600390952 /* Products */,
			);
			sourceTree = "<group>";
		};
		6F6F74F6260A354600390952 /* Products */ = {
			isa = PBXGroup;
			children = (
				6F6F74F5260A354600390952 /* CollectionView.app */,
			);
			name = Products;
			sourceTree = "<group>";
		};
		6F6F74F7260A354600390952 /* CollectionView */ = {
			isa = PBXGroup;
			children = (
				6F7D5463260F6CD2008E1DDD /* Emoji */,
				6F6F74F8260A354600390952 /* AppDelegate.swift */,
				6F6F74FA260A354600390952 /* SceneDelegate.swift */,
				6F6F74FC260A354600390952 /* ViewController.swift */,
				6F7D54E5260F72D2008E1DDD /* Assets.xcassets */,
				6F6F74FE260A354600390952 /* Main.storyboard */,
				6F6F7503260A354D00390952 /* LaunchScreen.storyboard */,
				6F6F7506260A354D00390952 /* Info.plist */,
				6F6F750D260A397700390952 /* NumberCell.swift */,
			);
			path = CollectionView;
			sourceTree = "<group>";
		};
		6F7D5463260F6CD2008E1DDD /* Emoji */ = {
			isa = PBXGroup;
			children = (
				6F73FE11260C7B8F00FADE98 /* EmojiHeaderView.swift */,
				6F73FE0E260C758A00FADE98 /* EmojiCollectionViewDelegate.swift */,
				6F73FDFF260C678800FADE98 /* Emoji.swift */,
				6F73FE02260C681600FADE98 /* EmojiViewController.swift */,
				6F73FE05260C684000FADE98 /* EmojiCell.swift */,
				6F73FE08260C687200FADE98 /* EmojiDetailController.swift */,
				6F73FE0B260C707F00FADE98 /* DataSource.swift */,
			);
			path = Emoji;
			sourceTree = "<group>";
		};
/* End PBXGroup section */

/* Begin PBXNativeTarget section */
		6F6F74F4260A354600390952 /* CollectionView */ = {
			isa = PBXNativeTarget;
			buildConfigurationList = 6F6F7509260A354D00390952 /* Build configuration list for PBXNativeTarget "CollectionView" */;
			buildPhases = (
				6F6F74F1260A354600390952 /* Sources */,
				6F6F74F2260A354600390952 /* Frameworks */,
				6F6F74F3260A354600390952 /* Resources */,
			);
			buildRules = (
			);
			dependencies = (
			);
			name = CollectionView;
			productName = CollectionView;
			productReference = 6F6F74F5260A354600390952 /* CollectionView.app */;
			productType = "com.apple.product-type.application";
		};
/* End PBXNativeTarget section */

/* Begin PBXProject section */
		6F6F74ED260A354600390952 /* Project object */ = {
			isa = PBXProject;
			attributes = {
				LastSwiftUpdateCheck = 1240;
				LastUpgradeCheck = 1240;
				TargetAttributes = {
					6F6F74F4260A354600390952 = {
						CreatedOnToolsVersion = 12.4;
					};
				};
			};
			buildConfigurationList = 6F6F74F0260A354600390952 /* Build configuration list for PBXProject "CollectionView" */;
			compatibilityVersion = "Xcode 9.3";
			developmentRegion = en;
			hasScannedForEncodings = 0;
			knownRegions = (
				en,
				Base,
			);
			mainGroup = 6F6F74EC260A354600390952;
			productRefGroup = 6F6F74F6260A354600390952 /* Products */;
			projectDirPath = "";
			projectRoot = "";
			targets = (
				6F6F74F4260A354600390952 /* CollectionView */,
			);
		};
/* End PBXProject section */

/* Begin PBXResourcesBuildPhase section */
		6F6F74F3260A354600390952 /* Resources */ = {
			isa = PBXResourcesBuildPhase;
			buildActionMask = 2147483647;
			files = (
				6F6F7505260A354D00390952 /* LaunchScreen.storyboard in Resources */,
				6F7D54E6260F72D2008E1DDD /* Assets.xcassets in Resources */,
				6F6F7500260A354600390952 /* Main.storyboard in Resources */,
			);
			runOnlyForDeploymentPostprocessing = 0;
		};
/* End PBXResourcesBuildPhase section */

/* Begin PBXSourcesBuildPhase section */
		6F6F74F1260A354600390952 /* Sources */ = {
			isa = PBXSourcesBuildPhase;
			buildActionMask = 2147483647;
			files = (
				6F73FE00260C678800FADE98 /* Emoji.swift in Sources */,
				6F73FE09260C687200FADE98 /* EmojiDetailController.swift in Sources */,
				6F73FE06260C684000FADE98 /* EmojiCell.swift in Sources */,
				6F73FE0C260C707F00FADE98 /* DataSource.swift in Sources */,
				6F6F750E260A397700390952 /* NumberCell.swift in Sources */,
				6F73FE12260C7B8F00FADE98 /* EmojiHeaderView.swift in Sources */,
				6F6F74FD260A354600390952 /* ViewController.swift in Sources */,
				6F73FE0F260C758A00FADE98 /* EmojiCollectionViewDelegate.swift in Sources */,
				6F73FE03260C681600FADE98 /* EmojiViewController.swift in Sources */,
				6F6F74F9260A354600390952 /* AppDelegate.swift in Sources */,
				6F6F74FB260A354600390952 /* SceneDelegate.swift in Sources */,
			);
			runOnlyForDeploymentPostprocessing = 0;
		};
/* End PBXSourcesBuildPhase section */

/* Begin PBXVariantGroup section */
		6F6F74FE260A354600390952 /* Main.storyboard */ = {
			isa = PBXVariantGroup;
			children = (
				6F6F74FF260A354600390952 /* Base */,
			);
			name = Main.storyboard;
			sourceTree = "<group>";
		};
		6F6F7503260A354D00390952 /* LaunchScreen.storyboard */ = {
			isa = PBXVariantGroup;
			children = (
				6F6F7504260A354D00390952 /* Base */,
			);
			name = LaunchScreen.storyboard;
			sourceTree = "<group>";
		};
/* End PBXVariantGroup section */

/* Begin XCBuildConfiguration section */
		6F6F7507260A354D00390952 /* Debug */ = {
			isa = XCBuildConfiguration;
			buildSettings = {
				ALWAYS_SEARCH_USER_PATHS = NO;
				CLANG_ANALYZER_NONNULL = YES;
				CLANG_ANALYZER_NUMBER_OBJECT_CONVERSION = YES_AGGRESSIVE;
				CLANG_CXX_LANGUAGE_STANDARD = "gnu++14";
				CLANG_CXX_LIBRARY = "libc++";
				CLANG_ENABLE_MODULES = YES;
				CLANG_ENABLE_OBJC_ARC = YES;
				CLANG_ENABLE_OBJC_WEAK = YES;
				CLANG_WARN_BLOCK_CAPTURE_AUTORELEASING = YES;
				CLANG_WARN_BOOL_CONVERSION = YES;
				CLANG_WARN_COMMA = YES;
				CLANG_WARN_CONSTANT_CONVERSION = YES;
				CLANG_WARN_DEPRECATED_OBJC_IMPLEMENTATIONS = YES;
				CLANG_WARN_DIRECT_OBJC_ISA_USAGE = YES_ERROR;
				CLANG_WARN_DOCUMENTATION_COMMENTS = YES;
				CLANG_WARN_EMPTY_BODY = YES;
				CLANG_WARN_ENUM_CONVERSION = YES;
				CLANG_WARN_INFINITE_RECURSION = YES;
				CLANG_WARN_INT_CONVERSION = YES;
				CLANG_WARN_NON_LITERAL_NULL_CONVERSION = YES;
				CLANG_WARN_OBJC_IMPLICIT_RETAIN_SELF = YES;
				CLANG_WARN_OBJC_LITERAL_CONVERSION = YES;
				CLANG_WARN_OBJC_ROOT_CLASS = YES_ERROR;
				CLANG_WARN_QUOTED_INCLUDE_IN_FRAMEWORK_HEADER = YES;
				CLANG_WARN_RANGE_LOOP_ANALYSIS = YES;
				CLANG_WARN_STRICT_PROTOTYPES = YES;
				CLANG_WARN_SUSPICIOUS_MOVE = YES;
				CLANG_WARN_UNGUARDED_AVAILABILITY = YES_AGGRESSIVE;
				CLANG_WARN_UNREACHABLE_CODE = YES;
				CLANG_WARN__DUPLICATE_METHOD_MATCH = YES;
				COPY_PHASE_STRIP = NO;
				DEBUG_INFORMATION_FORMAT = dwarf;
				ENABLE_STRICT_OBJC_MSGSEND = YES;
				ENABLE_TESTABILITY = YES;
				GCC_C_LANGUAGE_STANDARD = gnu11;
				GCC_DYNAMIC_NO_PIC = NO;
				GCC_NO_COMMON_BLOCKS = YES;
				GCC_OPTIMIZATION_LEVEL = 0;
				GCC_PREPROCESSOR_DEFINITIONS = (
					"DEBUG=1",
					"$(inherited)",
				);
				GCC_WARN_64_TO_32_BIT_CONVERSION = YES;
				GCC_WARN_ABOUT_RETURN_TYPE = YES_ERROR;
				GCC_WARN_UNDECLARED_SELECTOR = YES;
				GCC_WARN_UNINITIALIZED_AUTOS = YES_AGGRESSIVE;
				GCC_WARN_UNUSED_FUNCTION = YES;
				GCC_WARN_UNUSED_VARIABLE = YES;
				IPHONEOS_DEPLOYMENT_TARGET = 14.4;
				MTL_ENABLE_DEBUG_INFO = INCLUDE_SOURCE;
				MTL_FAST_MATH = YES;
				ONLY_ACTIVE_ARCH = YES;
				SDKROOT = iphoneos;
				SWIFT_ACTIVE_COMPILATION_CONDITIONS = DEBUG;
				SWIFT_OPTIMIZATION_LEVEL = "-Onone";
			};
			name = Debug;
		};
		6F6F7508260A354D00390952 /* Release */ = {
			isa = XCBuildConfiguration;
			buildSettings = {
				ALWAYS_SEARCH_USER_PATHS = NO;
				CLANG_ANALYZER_NONNULL = YES;
				CLANG_ANALYZER_NUMBER_OBJECT_CONVERSION = YES_AGGRESSIVE;
				CLANG_CXX_LANGUAGE_STANDARD = "gnu++14";
				CLANG_CXX_LIBRARY = "libc++";
				CLANG_ENABLE_MODULES = YES;
				CLANG_ENABLE_OBJC_ARC = YES;
				CLANG_ENABLE_OBJC_WEAK = YES;
				CLANG_WARN_BLOCK_CAPTURE_AUTORELEASING = YES;
				CLANG_WARN_BOOL_CONVERSION = YES;
				CLANG_WARN_COMMA = YES;
				CLANG_WARN_CONSTANT_CONVERSION = YES;
				CLANG_WARN_DEPRECATED_OBJC_IMPLEMENTATIONS = YES;
				CLANG_WARN_DIRECT_OBJC_ISA_USAGE = YES_ERROR;
				CLANG_WARN_DOCUMENTATION_COMMENTS = YES;
				CLANG_WARN_EMPTY_BODY = YES;
				CLANG_WARN_ENUM_CONVERSION = YES;
				CLANG_WARN_INFINITE_RECURSION = YES;
				CLANG_WARN_INT_CONVERSION = YES;
				CLANG_WARN_NON_LITERAL_NULL_CONVERSION = YES;
				CLANG_WARN_OBJC_IMPLICIT_RETAIN_SELF = YES;
				CLANG_WARN_OBJC_LITERAL_CONVERSION = YES;
				CLANG_WARN_OBJC_ROOT_CLASS = YES_ERROR;
				CLANG_WARN_QUOTED_INCLUDE_IN_FRAMEWORK_HEADER = YES;
				CLANG_WARN_RANGE_LOOP_ANALYSIS = YES;
				CLANG_WARN_STRICT_PROTOTYPES = YES;
				CLANG_WARN_SUSPICIOUS_MOVE = YES;
				CLANG_WARN_UNGUARDED_AVAILABILITY = YES_AGGRESSIVE;
				CLANG_WARN_UNREACHABLE_CODE = YES;
				CLANG_WARN__DUPLICATE_METHOD_MATCH = YES;
				COPY_PHASE_STRIP = NO;
				DEBUG_INFORMATION_FORMAT = "dwarf-with-dsym";
				ENABLE_NS_ASSERTIONS = NO;
				ENABLE_STRICT_OBJC_MSGSEND = YES;
				GCC_C_LANGUAGE_STANDARD = gnu11;
				GCC_NO_COMMON_BLOCKS = YES;
				GCC_WARN_64_TO_32_BIT_CONVERSION = YES;
				GCC_WARN_ABOUT_RETURN_TYPE = YES_ERROR;
				GCC_WARN_UNDECLARED_SELECTOR = YES;
				GCC_WARN_UNINITIALIZED_AUTOS = YES_AGGRESSIVE;
				GCC_WARN_UNUSED_FUNCTION = YES;
				GCC_WARN_UNUSED_VARIABLE = YES;
				IPHONEOS_DEPLOYMENT_TARGET = 14.4;
				MTL_ENABLE_DEBUG_INFO = NO;
				MTL_FAST_MATH = YES;
				SDKROOT = iphoneos;
				SWIFT_COMPILATION_MODE = wholemodule;
				SWIFT_OPTIMIZATION_LEVEL = "-O";
				VALIDATE_PRODUCT = YES;
			};
			name = Release;
		};
		6F6F750A260A354D00390952 /* Debug */ = {
			isa = XCBuildConfiguration;
			buildSettings = {
				ASSETCATALOG_COMPILER_APPICON_NAME = AppIcon;
				ASSETCATALOG_COMPILER_GLOBAL_ACCENT_COLOR_NAME = AccentColor;
				CODE_SIGN_STYLE = Automatic;
				DEVELOPMENT_TEAM = 56KBBDN6MA;
				INFOPLIST_FILE = CollectionView/Info.plist;
				LD_RUNPATH_SEARCH_PATHS = (
					"$(inherited)",
					"@executable_path/Frameworks",
				);
				PRODUCT_BUNDLE_IDENTIFIER = Jin.com.CollectionView;
				PRODUCT_NAME = "$(TARGET_NAME)";
				SWIFT_VERSION = 5.0;
				TARGETED_DEVICE_FAMILY = "1,2";
			};
			name = Debug;
		};
		6F6F750B260A354D00390952 /* Release */ = {
			isa = XCBuildConfiguration;
			buildSettings = {
				ASSETCATALOG_COMPILER_APPICON_NAME = AppIcon;
				ASSETCATALOG_COMPILER_GLOBAL_ACCENT_COLOR_NAME = AccentColor;
				CODE_SIGN_STYLE = Automatic;
				DEVELOPMENT_TEAM = 56KBBDN6MA;
				INFOPLIST_FILE = CollectionView/Info.plist;
				LD_RUNPATH_SEARCH_PATHS = (
					"$(inherited)",
					"@executable_path/Frameworks",
				);
				PRODUCT_BUNDLE_IDENTIFIER = Jin.com.CollectionView;
				PRODUCT_NAME = "$(TARGET_NAME)";
				SWIFT_VERSION = 5.0;
				TARGETED_DEVICE_FAMILY = "1,2";
			};
			name = Release;
		};
/* End XCBuildConfiguration section */

/* Begin XCConfigurationList section */
		6F6F74F0260A354600390952 /* Build configuration list for PBXProject "CollectionView" */ = {
			isa = XCConfigurationList;
			buildConfigurations = (
				6F6F7507260A354D00390952 /* Debug */,
				6F6F7508260A354D00390952 /* Release */,
			);
			defaultConfigurationIsVisible = 0;
			defaultConfigurationName = Release;
		};
		6F6F7509260A354D00390952 /* Build configuration list for PBXNativeTarget "CollectionView" */ = {
			isa = XCConfigurationList;
			buildConfigurations = (
				6F6F750A260A354D00390952 /* Debug */,
				6F6F750B260A354D00390952 /* Release */,
			);
			defaultConfigurationIsVisible = 0;
			defaultConfigurationName = Release;
		};
/* End XCConfigurationList section */
	};
	rootObject = 6F6F74ED260A354600390952 /* Project object */;
}
